
Microsoft Visual Studio Solution File, Format Version 12.00
# Visual Studio 15
VisualStudioVersion = 15.0.27703.2000
MinimumVisualStudioVersion = 10.0.40219.1
Project("{FAE04EC0-301F-11D3-BF4B-00C04F79EFBC}") = "K08.UI_Control", "K08.UI_Control\K08.UI_Control.csproj", "{F1BCF662-0B33-4691-A302-55D295F76A3A}"
EndProject
Global
	GlobalSection(SolutionConfigurationPlatforms) = preSolution
		Debug|Any CPU = Debug|Any CPU
		Release|Any CPU = Release|Any CPU
	EndGlobalSection
	GlobalSection(ProjectConfigurationPlatforms) = postSolution
		{F1BCF662-0B33-4691-A302-55D295F76A3A}.Debug|Any CPU.ActiveCfg = Debug|Any CPU
		{F1BCF662-0B33-4691-A302-55D295F76A3A}.Debug|Any CPU.Build.0 = Debug|Any CPU
		{F1BCF662-0B33-4691-A302-55D295F76A3A}.Release|Any CPU.ActiveCfg = Release|Any CPU
		{F1BCF662-0B33-4691-A302-55D295F76A3A}.Release|Any CPU.Build.0 = Release|Any CPU
	EndGlobalSection
	GlobalSection(SolutionProperties) = preSolution
		HideSolutionNode = FALSE
	EndGlobalSection
	GlobalSection(ExtensibilityGlobals) = postSolution
		SolutionGuid = {F9F61464-CF6C-46B2-A225-2AB1D1151ECB}
	EndGlobalSection
EndGlobal
